{
  "nodes": {
    "nixpkgs": {
      "locked": {
        "lastModified": 1721278768,
        "narHash": "sha256-pbYQ+TMrSarrrslW/Ku6nm/IOWb6e/rWDd11rEqGkLU=",
        "owner": "NixOS",
        "repo": "nixpkgs",
        "rev": "02bc99fddf9f4283099462d8be34063d9441ba29",
        "type": "github"
      },
      "original": {
        "owner": "NixOS",
        "repo": "nixpkgs",
        "type": "github"
      }
    },
    "root": {
      "inputs": {
        "nixpkgs": "nixpkgs",
        "tracelinks": "tracelinks"
      }
    },
    "tracelinks": {
      "flake": false,
      "locked": {
        "lastModified": 1708465171,
        "narHash": "sha256-fFktNKw11mNTZiuh+L59nlMbnWyzehWmkCoCZgRZO4Y=",
        "owner": "flox",
        "repo": "tracelinks",
        "rev": "59467f715fd9aade7259b3077384b1610d8c0458",
        "type": "github"
      },
      "original": {
        "owner": "flox",
        "repo": "tracelinks",
        "type": "github"
      }
    }
  },
  "root": "root",
  "version": 7
}
