{
  "nodes": {
    "nixpkgs": {
      "locked": {
        "lastModified": 1721379653,
        "narHash": "sha256-8MUgifkJ7lkZs3u99UDZMB4kbOxvMEXQZ31FO3SopZ0=",
        "owner": "NixOS",
        "repo": "nixpkgs",
        "rev": "1d9c2c9b3e71b9ee663d11c5d298727dace8d374",
        "type": "github"
      },
      "original": {
        "owner": "NixOS",
        "ref": "nixos-unstable",
        "repo": "nixpkgs",
        "type": "github"
      }
    },
    "root": {
      "inputs": {
        "nixpkgs": "nixpkgs",
        "tracelinks": "tracelinks"
      }
    },
    "tracelinks": {
      "flake": false,
      "locked": {
        "lastModified": 1721507821,
        "narHash": "sha256-RraqV9GoL73K0sw+uuGq9N9wrZQkNClmObM+PL5WEMI=",
        "owner": "flox",
        "repo": "tracelinks",
        "rev": "49c4dda962e61d334bd10fc1594e4efaed27fc80",
        "type": "github"
      },
      "original": {
        "owner": "flox",
        "ref": "tomberek.minimal",
        "repo": "tracelinks",
        "type": "github"
      }
    }
  },
  "root": "root",
  "version": 7
}
