{
  "nodes": {
    "nixpkgs": {
      "locked": {
        "lastModified": 1721379653,
        "narHash": "sha256-8MUgifkJ7lkZs3u99UDZMB4kbOxvMEXQZ31FO3SopZ0=",
        "owner": "NixOS",
        "repo": "nixpkgs",
        "rev": "1d9c2c9b3e71b9ee663d11c5d298727dace8d374",
        "type": "github"
      },
      "original": {
        "owner": "NixOS",
        "ref": "nixos-unstable",
        "repo": "nixpkgs",
        "type": "github"
      }
    },
    "root": {
      "inputs": {
        "nixpkgs": "nixpkgs",
        "tracelinks": "tracelinks"
      }
    },
    "tracelinks": {
      "flake": false,
      "locked": {
        "lastModified": 1721508388,
        "narHash": "sha256-mpgWZMpdYI9zSIQoDLyT7AWXUUdce8CWdClEoyzSfMg=",
        "owner": "flox",
        "repo": "tracelinks",
        "rev": "2793ae430e77042ab5effb5a80b8b27552cd313c",
        "type": "github"
      },
      "original": {
        "owner": "flox",
        "ref": "tomberek.minimal",
        "repo": "tracelinks",
        "type": "github"
      }
    }
  },
  "root": "root",
  "version": 7
}
